schema: '2.0'
stages:
  inference:
    cmd: "python inferring.py +input=/Odyssey/public/data_challenge_ssh_ose/data/alongtrack/gridded_obs_sla_0.25.nc
      +checkpoint_path=../outputs/2025-08-27/glo12-sla-4th-fdv++-stride-22-33-21/glo12-sla-4th-fdv/checkpoints/best.ckpt
      +config_path=../outputs/2025-08-27/glo12-sla-4th-fdv++-stride-22-33-21/.hydra/config.yaml
      +output_path=./output//fdv++-4th-best-stride-nointerp-to4th.nc +patch=15-512-512
      +stride=1-136-244 +period_from=2018-12-01 +period_to=2019-03-31 +input_var=sla_filtered
      +output_var=sla +output_geo_uv=false +normalization_type=none +obs_filtering=false
      +output_dc_format=true +batch_size=1 hydra.run.dir=. hydra.output_subdir=null
      hydra/job_logging=disabled hydra/hydra_logging=disabled\n"
